// !$*UTF8*$!
{
	archiveVersion = 1;
	classes = {
	};
	objectVersion = 46;
	objects = {

/* Begin PBXBuildFile section */
		FB362EB21AB221A800ACF4F1 /* DetailViewController.swift in Sources */ = {isa = PBXBuildFile; fileRef = FB362EB11AB221A800ACF4F1 /* DetailViewController.swift */; };
		FB362EB41AB23B3F00ACF4F1 /* Restaurant.swift in Sources */ = {isa = PBXBuildFile; fileRef = FB362EB31AB23B3F00ACF4F1 /* Restaurant.swift */; };
		FB362EB61AB245BC00ACF4F1 /* DetailTableViewCell.swift in Sources */ = {isa = PBXBuildFile; fileRef = FB362EB51AB245BC00ACF4F1 /* DetailTableViewCell.swift */; };
		FB4477221AA26C1E00BBF004 /* AppDelegate.swift in Sources */ = {isa = PBXBuildFile; fileRef = FB4477211AA26C1E00BBF004 /* AppDelegate.swift */; };
		FB4477271AA26C1E00BBF004 /* Main.storyboard in Resources */ = {isa = PBXBuildFile; fileRef = FB4477251AA26C1E00BBF004 /* Main.storyboard */; };
		FB4477291AA26C1E00BBF004 /* Images.xcassets in Resources */ = {isa = PBXBuildFile; fileRef = FB4477281AA26C1E00BBF004 /* Images.xcassets */; };
		FB44772C1AA26C1E00BBF004 /* LaunchScreen.xib in Resources */ = {isa = PBXBuildFile; fileRef = FB44772A1AA26C1E00BBF004 /* LaunchScreen.xib */; };
		FB4477381AA26C1E00BBF004 /* FoodPinTests.swift in Sources */ = {isa = PBXBuildFile; fileRef = FB4477371AA26C1E00BBF004 /* FoodPinTests.swift */; };
		FB4477421AA26E6E00BBF004 /* RestaurantTableViewController.swift in Sources */ = {isa = PBXBuildFile; fileRef = FB4477411AA26E6E00BBF004 /* RestaurantTableViewController.swift */; };
		FB4477441AA315CD00BBF004 /* CustomTableViewCell.swift in Sources */ = {isa = PBXBuildFile; fileRef = FB4477431AA315CD00BBF004 /* CustomTableViewCell.swift */; };
		FBFC96211AB597A90037E842 /* ReviewViewController.swift in Sources */ = {isa = PBXBuildFile; fileRef = FBFC96201AB597A90037E842 /* ReviewViewController.swift */; };
		FBFC96231AB59E900037E842 /* ShareViewController.swift in Sources */ = {isa = PBXBuildFile; fileRef = FBFC96221AB59E900037E842 /* ShareViewController.swift */; };
/* End PBXBuildFile section */

/* Begin PBXContainerItemProxy section */
		FB4477321AA26C1E00BBF004 /* PBXContainerItemProxy */ = {
			isa = PBXContainerItemProxy;
			containerPortal = FB4477141AA26C1D00BBF004 /* Project object */;
			proxyType = 1;
			remoteGlobalIDString = FB44771B1AA26C1D00BBF004;
			remoteInfo = FoodPin;
		};
/* End PBXContainerItemProxy section */

/* Begin PBXFileReference section */
		FB362EB11AB221A800ACF4F1 /* DetailViewController.swift */ = {isa = PBXFileReference; fileEncoding = 4; lastKnownFileType = sourcecode.swift; path = DetailViewController.swift; sourceTree = "<group>"; };
		FB362EB31AB23B3F00ACF4F1 /* Restaurant.swift */ = {isa = PBXFileReference; fileEncoding = 4; lastKnownFileType = sourcecode.swift; path = Restaurant.swift; sourceTree = "<group>"; };
		FB362EB51AB245BC00ACF4F1 /* DetailTableViewCell.swift */ = {isa = PBXFileReference; fileEncoding = 4; lastKnownFileType = sourcecode.swift; path = DetailTableViewCell.swift; sourceTree = "<group>"; };
		FB44771C1AA26C1D00BBF004 /* FoodPin.app */ = {isa = PBXFileReference; explicitFileType = wrapper.application; includeInIndex = 0; path = FoodPin.app; sourceTree = BUILT_PRODUCTS_DIR; };
		FB4477201AA26C1D00BBF004 /* Info.plist */ = {isa = PBXFileReference; lastKnownFileType = text.plist.xml; path = Info.plist; sourceTree = "<group>"; };
		FB4477211AA26C1E00BBF004 /* AppDelegate.swift */ = {isa = PBXFileReference; lastKnownFileType = sourcecode.swift; path = AppDelegate.swift; sourceTree = "<group>"; };
		FB4477261AA26C1E00BBF004 /* Base */ = {isa = PBXFileReference; lastKnownFileType = file.storyboard; name = Base; path = Base.lproj/Main.storyboard; sourceTree = "<group>"; };
		FB4477281AA26C1E00BBF004 /* Images.xcassets */ = {isa = PBXFileReference; lastKnownFileType = folder.assetcatalog; path = Images.xcassets; sourceTree = "<group>"; };
		FB44772B1AA26C1E00BBF004 /* Base */ = {isa = PBXFileReference; lastKnownFileType = file.xib; name = Base; path = Base.lproj/LaunchScreen.xib; sourceTree = "<group>"; };
		FB4477311AA26C1E00BBF004 /* FoodPinTests.xctest */ = {isa = PBXFileReference; explicitFileType = wrapper.cfbundle; includeInIndex = 0; path = FoodPinTests.xctest; sourceTree = BUILT_PRODUCTS_DIR; };
		FB4477361AA26C1E00BBF004 /* Info.plist */ = {isa = PBXFileReference; lastKnownFileType = text.plist.xml; path = Info.plist; sourceTree = "<group>"; };
		FB4477371AA26C1E00BBF004 /* FoodPinTests.swift */ = {isa = PBXFileReference; lastKnownFileType = sourcecode.swift; path = FoodPinTests.swift; sourceTree = "<group>"; };
		FB4477411AA26E6E00BBF004 /* RestaurantTableViewController.swift */ = {isa = PBXFileReference; fileEncoding = 4; lastKnownFileType = sourcecode.swift; path = RestaurantTableViewController.swift; sourceTree = "<group>"; };
		FB4477431AA315CD00BBF004 /* CustomTableViewCell.swift */ = {isa = PBXFileReference; fileEncoding = 4; lastKnownFileType = sourcecode.swift; path = CustomTableViewCell.swift; sourceTree = "<group>"; };
		FBFC96201AB597A90037E842 /* ReviewViewController.swift */ = {isa = PBXFileReference; fileEncoding = 4; lastKnownFileType = sourcecode.swift; path = ReviewViewController.swift; sourceTree = "<group>"; };
		FBFC96221AB59E900037E842 /* ShareViewController.swift */ = {isa = PBXFileReference; fileEncoding = 4; lastKnownFileType = sourcecode.swift; path = ShareViewController.swift; sourceTree = "<group>"; };
/* End PBXFileReference section */

/* Begin PBXFrameworksBuildPhase section */
		FB4477191AA26C1D00BBF004 /* Frameworks */ = {
			isa = PBXFrameworksBuildPhase;
			buildActionMask = 2147483647;
			files = (
			);
			runOnlyForDeploymentPostprocessing = 0;
		};
		FB44772E1AA26C1E00BBF004 /* Frameworks */ = {
			isa = PBXFrameworksBuildPhase;
			buildActionMask = 2147483647;
			files = (
			);
			runOnlyForDeploymentPostprocessing = 0;
		};
/* End PBXFrameworksBuildPhase section */

/* Begin PBXGroup section */
		FB4477131AA26C1D00BBF004 = {
			isa = PBXGroup;
			children = (
				FB44771E1AA26C1D00BBF004 /* FoodPin */,
				FB4477341AA26C1E00BBF004 /* FoodPinTests */,
				FB44771D1AA26C1D00BBF004 /* Products */,
			);
			sourceTree = "<group>";
		};
		FB44771D1AA26C1D00BBF004 /* Products */ = {
			isa = PBXGroup;
			children = (
				FB44771C1AA26C1D00BBF004 /* FoodPin.app */,
				FB4477311AA26C1E00BBF004 /* FoodPinTests.xctest */,
			);
			name = Products;
			sourceTree = "<group>";
		};
		FB44771E1AA26C1D00BBF004 /* FoodPin */ = {
			isa = PBXGroup;
			children = (
				FB4477211AA26C1E00BBF004 /* AppDelegate.swift */,
				FB4477251AA26C1E00BBF004 /* Main.storyboard */,
				FB4477281AA26C1E00BBF004 /* Images.xcassets */,
				FB44772A1AA26C1E00BBF004 /* LaunchScreen.xib */,
				FB44771F1AA26C1D00BBF004 /* Supporting Files */,
				FB4477411AA26E6E00BBF004 /* RestaurantTableViewController.swift */,
				FB4477431AA315CD00BBF004 /* CustomTableViewCell.swift */,
				FB362EB11AB221A800ACF4F1 /* DetailViewController.swift */,
				FB362EB31AB23B3F00ACF4F1 /* Restaurant.swift */,
				FB362EB51AB245BC00ACF4F1 /* DetailTableViewCell.swift */,
				FBFC96201AB597A90037E842 /* ReviewViewController.swift */,
				FBFC96221AB59E900037E842 /* ShareViewController.swift */,
			);
			path = FoodPin;
			sourceTree = "<group>";
		};
		FB44771F1AA26C1D00BBF004 /* Supporting Files */ = {
			isa = PBXGroup;
			children = (
				FB4477201AA26C1D00BBF004 /* Info.plist */,
			);
			name = "Supporting Files";
			sourceTree = "<group>";
		};
		FB4477341AA26C1E00BBF004 /* FoodPinTests */ = {
			isa = PBXGroup;
			children = (
				FB4477371AA26C1E00BBF004 /* FoodPinTests.swift */,
				FB4477351AA26C1E00BBF004 /* Supporting Files */,
			);
			path = FoodPinTests;
			sourceTree = "<group>";
		};
		FB4477351AA26C1E00BBF004 /* Supporting Files */ = {
			isa = PBXGroup;
			children = (
				FB4477361AA26C1E00BBF004 /* Info.plist */,
			);
			name = "Supporting Files";
			sourceTree = "<group>";
		};
/* End PBXGroup section */

/* Begin PBXNativeTarget section */
		FB44771B1AA26C1D00BBF004 /* FoodPin */ = {
			isa = PBXNativeTarget;
			buildConfigurationList = FB44773B1AA26C1E00BBF004 /* Build configuration list for PBXNativeTarget "FoodPin" */;
			buildPhases = (
				FB4477181AA26C1D00BBF004 /* Sources */,
				FB4477191AA26C1D00BBF004 /* Frameworks */,
				FB44771A1AA26C1D00BBF004 /* Resources */,
			);
			buildRules = (
			);
			dependencies = (
			);
			name = FoodPin;
			productName = FoodPin;
			productReference = FB44771C1AA26C1D00BBF004 /* FoodPin.app */;
			productType = "com.apple.product-type.application";
		};
		FB4477301AA26C1E00BBF004 /* FoodPinTests */ = {
			isa = PBXNativeTarget;
			buildConfigurationList = FB44773E1AA26C1E00BBF004 /* Build configuration list for PBXNativeTarget "FoodPinTests" */;
			buildPhases = (
				FB44772D1AA26C1E00BBF004 /* Sources */,
				FB44772E1AA26C1E00BBF004 /* Frameworks */,
				FB44772F1AA26C1E00BBF004 /* Resources */,
			);
			buildRules = (
			);
			dependencies = (
				FB4477331AA26C1E00BBF004 /* PBXTargetDependency */,
			);
			name = FoodPinTests;
			productName = FoodPinTests;
			productReference = FB4477311AA26C1E00BBF004 /* FoodPinTests.xctest */;
			productType = "com.apple.product-type.bundle.unit-test";
		};
/* End PBXNativeTarget section */

/* Begin PBXProject section */
		FB4477141AA26C1D00BBF004 /* Project object */ = {
			isa = PBXProject;
			attributes = {
				LastUpgradeCheck = 0610;
				ORGANIZATIONNAME = "Melissa Verduci";
				TargetAttributes = {
					FB44771B1AA26C1D00BBF004 = {
						CreatedOnToolsVersion = 6.1.1;
					};
					FB4477301AA26C1E00BBF004 = {
						CreatedOnToolsVersion = 6.1.1;
						TestTargetID = FB44771B1AA26C1D00BBF004;
					};
				};
			};
			buildConfigurationList = FB4477171AA26C1D00BBF004 /* Build configuration list for PBXProject "FoodPin" */;
			compatibilityVersion = "Xcode 3.2";
			developmentRegion = English;
			hasScannedForEncodings = 0;
			knownRegions = (
				en,
				Base,
			);
			mainGroup = FB4477131AA26C1D00BBF004;
			productRefGroup = FB44771D1AA26C1D00BBF004 /* Products */;
			projectDirPath = "";
			projectRoot = "";
			targets = (
				FB44771B1AA26C1D00BBF004 /* FoodPin */,
				FB4477301AA26C1E00BBF004 /* FoodPinTests */,
			);
		};
/* End PBXProject section */

/* Begin PBXResourcesBuildPhase section */
		FB44771A1AA26C1D00BBF004 /* Resources */ = {
			isa = PBXResourcesBuildPhase;
			buildActionMask = 2147483647;
			files = (
				FB4477271AA26C1E00BBF004 /* Main.storyboard in Resources */,
				FB44772C1AA26C1E00BBF004 /* LaunchScreen.xib in Resources */,
				FB4477291AA26C1E00BBF004 /* Images.xcassets in Resources */,
			);
			runOnlyForDeploymentPostprocessing = 0;
		};
		FB44772F1AA26C1E00BBF004 /* Resources */ = {
			isa = PBXResourcesBuildPhase;
			buildActionMask = 2147483647;
			files = (
			);
			runOnlyForDeploymentPostprocessing = 0;
		};
/* End PBXResourcesBuildPhase section */

/* Begin PBXSourcesBuildPhase section */
		FB4477181AA26C1D00BBF004 /* Sources */ = {
			isa = PBXSourcesBuildPhase;
			buildActionMask = 2147483647;
			files = (
				FB362EB61AB245BC00ACF4F1 /* DetailTableViewCell.swift in Sources */,
				FB362EB41AB23B3F00ACF4F1 /* Restaurant.swift in Sources */,
				FBFC96211AB597A90037E842 /* ReviewViewController.swift in Sources */,
				FB4477441AA315CD00BBF004 /* CustomTableViewCell.swift in Sources */,
				FB4477421AA26E6E00BBF004 /* RestaurantTableViewController.swift in Sources */,
				FB4477221AA26C1E00BBF004 /* AppDelegate.swift in Sources */,
				FBFC96231AB59E900037E842 /* ShareViewController.swift in Sources */,
				FB362EB21AB221A800ACF4F1 /* DetailViewController.swift in Sources */,
			);
			runOnlyForDeploymentPostprocessing = 0;
		};
		FB44772D1AA26C1E00BBF004 /* Sources */ = {
			isa = PBXSourcesBuildPhase;
			buildActionMask = 2147483647;
			files = (
				FB4477381AA26C1E00BBF004 /* FoodPinTests.swift in Sources */,
			);
			runOnlyForDeploymentPostprocessing = 0;
		};
/* End PBXSourcesBuildPhase section */

/* Begin PBXTargetDependency section */
		FB4477331AA26C1E00BBF004 /* PBXTargetDependency */ = {
			isa = PBXTargetDependency;
			target = FB44771B1AA26C1D00BBF004 /* FoodPin */;
			targetProxy = FB4477321AA26C1E00BBF004 /* PBXContainerItemProxy */;
		};
/* End PBXTargetDependency section */

/* Begin PBXVariantGroup section */
		FB4477251AA26C1E00BBF004 /* Main.storyboard */ = {
			isa = PBXVariantGroup;
			children = (
				FB4477261AA26C1E00BBF004 /* Base */,
			);
			name = Main.storyboard;
			sourceTree = "<group>";
		};
		FB44772A1AA26C1E00BBF004 /* LaunchScreen.xib */ = {
			isa = PBXVariantGroup;
			children = (
				FB44772B1AA26C1E00BBF004 /* Base */,
			);
			name = LaunchScreen.xib;
			sourceTree = "<group>";
		};
/* End PBXVariantGroup section */

/* Begin XCBuildConfiguration section */
		FB4477391AA26C1E00BBF004 /* Debug */ = {
			isa = XCBuildConfiguration;
			buildSettings = {
				ALWAYS_SEARCH_USER_PATHS = NO;
				CLANG_CXX_LANGUAGE_STANDARD = "gnu++0x";
				CLANG_CXX_LIBRARY = "libc++";
				CLANG_ENABLE_MODULES = YES;
				CLANG_ENABLE_OBJC_ARC = YES;
				CLANG_WARN_BOOL_CONVERSION = YES;
				CLANG_WARN_CONSTANT_CONVERSION = YES;
				CLANG_WARN_DIRECT_OBJC_ISA_USAGE = YES_ERROR;
				CLANG_WARN_EMPTY_BODY = YES;
				CLANG_WARN_ENUM_CONVERSION = YES;
				CLANG_WARN_INT_CONVERSION = YES;
				CLANG_WARN_OBJC_ROOT_CLASS = YES_ERROR;
				CLANG_WARN_UNREACHABLE_CODE = YES;
				CLANG_WARN__DUPLICATE_METHOD_MATCH = YES;
				"CODE_SIGN_IDENTITY[sdk=iphoneos*]" = "iPhone Developer";
				COPY_PHASE_STRIP = NO;
				ENABLE_STRICT_OBJC_MSGSEND = YES;
				GCC_C_LANGUAGE_STANDARD = gnu99;
				GCC_DYNAMIC_NO_PIC = NO;
				GCC_OPTIMIZATION_LEVEL = 0;
				GCC_PREPROCESSOR_DEFINITIONS = (
					"DEBUG=1",
					"$(inherited)",
				);
				GCC_SYMBOLS_PRIVATE_EXTERN = NO;
				GCC_WARN_64_TO_32_BIT_CONVERSION = YES;
				GCC_WARN_ABOUT_RETURN_TYPE = YES_ERROR;
				GCC_WARN_UNDECLARED_SELECTOR = YES;
				GCC_WARN_UNINITIALIZED_AUTOS = YES_AGGRESSIVE;
				GCC_WARN_UNUSED_FUNCTION = YES;
				GCC_WARN_UNUSED_VARIABLE = YES;
				IPHONEOS_DEPLOYMENT_TARGET = 8.1;
				MTL_ENABLE_DEBUG_INFO = YES;
				ONLY_ACTIVE_ARCH = YES;
				SDKROOT = iphoneos;
				SWIFT_OPTIMIZATION_LEVEL = "-Onone";
			};
			name = Debug;
		};
		FB44773A1AA26C1E00BBF004 /* Release */ = {
			isa = XCBuildConfiguration;
			buildSettings = {
				ALWAYS_SEARCH_USER_PATHS = NO;
				CLANG_CXX_LANGUAGE_STANDARD = "gnu++0x";
				CLANG_CXX_LIBRARY = "libc++";
				CLANG_ENABLE_MODULES = YES;
				CLANG_ENABLE_OBJC_ARC = YES;
				CLANG_WARN_BOOL_CONVERSION = YES;
				CLANG_WARN_CONSTANT_CONVERSION = YES;
				CLANG_WARN_DIRECT_OBJC_ISA_USAGE = YES_ERROR;
				CLANG_WARN_EMPTY_BODY = YES;
				CLANG_WARN_ENUM_CONVERSION = YES;
				CLANG_WARN_INT_CONVERSION = YES;
				CLANG_WARN_OBJC_ROOT_CLASS = YES_ERROR;
				CLANG_WARN_UNREACHABLE_CODE = YES;
				CLANG_WARN__DUPLICATE_METHOD_MATCH = YES;
				"CODE_SIGN_IDENTITY[sdk=iphoneos*]" = "iPhone Developer";
				COPY_PHASE_STRIP = YES;
				ENABLE_NS_ASSERTIONS = NO;
				ENABLE_STRICT_OBJC_MSGSEND = YES;
				GCC_C_LANGUAGE_STANDARD = gnu99;
				GCC_WARN_64_TO_32_BIT_CONVERSION = YES;
				GCC_WARN_ABOUT_RETURN_TYPE = YES_ERROR;
				GCC_WARN_UNDECLARED_SELECTOR = YES;
				GCC_WARN_UNINITIALIZED_AUTOS = YES_AGGRESSIVE;
				GCC_WARN_UNUSED_FUNCTION = YES;
				GCC_WARN_UNUSED_VARIABLE = YES;
				IPHONEOS_DEPLOYMENT_TARGET = 8.1;
				MTL_ENABLE_DEBUG_INFO = NO;
				SDKROOT = iphoneos;
				VALIDATE_PRODUCT = YES;
			};
			name = Release;
		};
		FB44773C1AA26C1E00BBF004 /* Debug */ = {
			isa = XCBuildConfiguration;
			buildSettings = {
				ASSETCATALOG_COMPILER_APPICON_NAME = AppIcon;
				INFOPLIST_FILE = FoodPin/Info.plist;
				LD_RUNPATH_SEARCH_PATHS = "$(inherited) @executable_path/Frameworks";
				PRODUCT_NAME = "$(TARGET_NAME)";
			};
			name = Debug;
		};
		FB44773D1AA26C1E00BBF004 /* Release */ = {
			isa = XCBuildConfiguration;
			buildSettings = {
				ASSETCATALOG_COMPILER_APPICON_NAME = AppIcon;
				INFOPLIST_FILE = FoodPin/Info.plist;
				LD_RUNPATH_SEARCH_PATHS = "$(inherited) @executable_path/Frameworks";
				PRODUCT_NAME = "$(TARGET_NAME)";
			};
			name = Release;
		};
		FB44773F1AA26C1E00BBF004 /* Debug */ = {
			isa = XCBuildConfiguration;
			buildSettings = {
				BUNDLE_LOADER = "$(TEST_HOST)";
				FRAMEWORK_SEARCH_PATHS = (
					"$(SDKROOT)/Developer/Library/Frameworks",
					"$(inherited)",
				);
				GCC_PREPROCESSOR_DEFINITIONS = (
					"DEBUG=1",
					"$(inherited)",
				);
				INFOPLIST_FILE = FoodPinTests/Info.plist;
				LD_RUNPATH_SEARCH_PATHS = "$(inherited) @executable_path/Frameworks @loader_path/Frameworks";
				PRODUCT_NAME = "$(TARGET_NAME)";
				TEST_HOST = "$(BUILT_PRODUCTS_DIR)/FoodPin.app/FoodPin";
			};
			name = Debug;
		};
		FB4477401AA26C1E00BBF004 /* Release */ = {
			isa = XCBuildConfiguration;
			buildSettings = {
				BUNDLE_LOADER = "$(TEST_HOST)";
				FRAMEWORK_SEARCH_PATHS = (
					"$(SDKROOT)/Developer/Library/Frameworks",
					"$(inherited)",
				);
				INFOPLIST_FILE = FoodPinTests/Info.plist;
				LD_RUNPATH_SEARCH_PATHS = "$(inherited) @executable_path/Frameworks @loader_path/Frameworks";
				PRODUCT_NAME = "$(TARGET_NAME)";
				TEST_HOST = "$(BUILT_PRODUCTS_DIR)/FoodPin.app/FoodPin";
			};
			name = Release;
		};
/* End XCBuildConfiguration section */

/* Begin XCConfigurationList section */
		FB4477171AA26C1D00BBF004 /* Build configuration list for PBXProject "FoodPin" */ = {
			isa = XCConfigurationList;
			buildConfigurations = (
				FB4477391AA26C1E00BBF004 /* Debug */,
				FB44773A1AA26C1E00BBF004 /* Release */,
			);
			defaultConfigurationIsVisible = 0;
			defaultConfigurationName = Release;
		};
		FB44773B1AA26C1E00BBF004 /* Build configuration list for PBXNativeTarget "FoodPin" */ = {
			isa = XCConfigurationList;
			buildConfigurations = (
				FB44773C1AA26C1E00BBF004 /* Debug */,
				FB44773D1AA26C1E00BBF004 /* Release */,
			);
			defaultConfigurationIsVisible = 0;
			defaultConfigurationName = Release;
		};
		FB44773E1AA26C1E00BBF004 /* Build configuration list for PBXNativeTarget "FoodPinTests" */ = {
			isa = XCConfigurationList;
			buildConfigurations = (
				FB44773F1AA26C1E00BBF004 /* Debug */,
				FB4477401AA26C1E00BBF004 /* Release */,
			);
			defaultConfigurationIsVisible = 0;
			defaultConfigurationName = Release;
		};
/* End XCConfigurationList section */
	};
	rootObject = FB4477141AA26C1D00BBF004 /* Project object */;
}
